
Microsoft Visual Studio Solution File, Format Version 12.00
# Visual Studio Version 17
VisualStudioVersion = 17.12.35506.116
MinimumVisualStudioVersion = 10.0.40219.1
Project("{FAE04EC0-301F-11D3-BF4B-00C04F79EFBC}") = "WebAppMVC", "WebAppMVC\WebAppMVC.csproj", "{B4F2E4E6-4D2A-4074-9921-C480CC7F15E4}"
EndProject
Project("{FAE04EC0-301F-11D3-BF4B-00C04F79EFBC}") = "WebEmpty", "WebEmpty\WebEmpty.csproj", "{37090F1C-6520-4069-97F4-062F5EAAB31F}"
EndProject
Project("{FAE04EC0-301F-11D3-BF4B-00C04F79EFBC}") = "WebMiddleware", "WebMiddleware\WebMiddleware.csproj", "{14C5C004-3070-494C-960A-CE5EAED277C7}"
EndProject
Project("{FAE04EC0-301F-11D3-BF4B-00C04F79EFBC}") = "Lab2.DateTime", "Lab2.DateTime\Lab2.DateTime.csproj", "{5DE45AD9-E779-40C4-AD38-DBA5569D19DC}"
EndProject
Project("{FAE04EC0-301F-11D3-BF4B-00C04F79EFBC}") = "WebEnpoints", "WebEnpoints\WebEnpoints.csproj", "{367A6173-269C-4816-8F8B-EBAD367BFA7E}"
EndProject
Project("{FAE04EC0-301F-11D3-BF4B-00C04F79EFBC}") = "WebMVCCourse", "WebMVCCourse\WebMVCCourse.csproj", "{0DA749FE-7473-467B-B690-0DA9C86A5EBB}"
EndProject
Project("{FAE04EC0-301F-11D3-BF4B-00C04F79EFBC}") = "lab4.StudentList", "lab4.StudentList\lab4.StudentList.csproj", "{4748AA13-B5A9-4B64-8B4A-21290CB3F664}"
EndProject
Project("{FAE04EC0-301F-11D3-BF4B-00C04F79EFBC}") = "Lab6.1.HelloSrv", "Lab6.1.HelloSrv\Lab6.1.HelloSrv.csproj", "{6F33F272-3A0A-40B6-928E-140AE31F8B9C}"
EndProject
Project("{FAE04EC0-301F-11D3-BF4B-00C04F79EFBC}") = "WebMVCCourseDaoService", "WebMVCCourseDaoService\WebMVCCourseDaoService.csproj", "{6FDBEE96-70C7-4E2D-8444-72C376E32304}"
EndProject
Project("{FAE04EC0-301F-11D3-BF4B-00C04F79EFBC}") = "WebEFC", "WebEFC\WebEFC.csproj", "{E3EF0B37-DDCD-4BB4-8057-D0BAFD978106}"
EndProject
Project("{FAE04EC0-301F-11D3-BF4B-00C04F79EFBC}") = "WebRazorEFC", "WebRazorEFC\WebRazorEFC.csproj", "{27AAC7D3-7489-4309-89DA-86F3E1A8174D}"
EndProject
Project("{FAE04EC0-301F-11D3-BF4B-00C04F79EFBC}") = "WebMVCCours.Test", "WebMVCCours.Test\WebMVCCours.Test.csproj", "{5B314DF4-66FB-4BDA-B03A-2BEBF3256A28}"
EndProject
Project("{FAE04EC0-301F-11D3-BF4B-00C04F79EFBC}") = "WebMVCCourseDaoService.Test", "WebMVCCourseDaoService.Test\WebMVCCourseDaoService.Test.csproj", "{8ED5D47F-E78C-4270-87F5-85ED308564CA}"
EndProject
Project("{FAE04EC0-301F-11D3-BF4B-00C04F79EFBC}") = "WebMiddleware.Test", "WebMiddleware.Test\WebMiddleware.Test.csproj", "{41032AF8-9451-46DA-B1F4-25E4BC39A763}"
EndProject
Project("{FAE04EC0-301F-11D3-BF4B-00C04F79EFBC}") = "DataProt", "DataProt\DataProt.csproj", "{91ECA8E9-A3B5-43A2-994D-3156F9833F60}"
EndProject
Project("{FAE04EC0-301F-11D3-BF4B-00C04F79EFBC}") = "DataSecret", "DataSecret\DataSecret.csproj", "{1BEEE324-4377-4353-9E7C-5E76CA65D284}"
EndProject
Project("{FAE04EC0-301F-11D3-BF4B-00C04F79EFBC}") = "WebSecured", "WebSecured\WebSecured.csproj", "{69E8C077-9701-4573-9DD2-50765CA878C0}"
EndProject
Project("{FAE04EC0-301F-11D3-BF4B-00C04F79EFBC}") = "WebAuth", "WebAuth\WebAuth.csproj", "{3A10327B-8349-4749-9235-085621FB002B}"
EndProject
Global
	GlobalSection(SolutionConfigurationPlatforms) = preSolution
		Debug|Any CPU = Debug|Any CPU
		Release|Any CPU = Release|Any CPU
	EndGlobalSection
	GlobalSection(ProjectConfigurationPlatforms) = postSolution
		{B4F2E4E6-4D2A-4074-9921-C480CC7F15E4}.Debug|Any CPU.ActiveCfg = Debug|Any CPU
		{B4F2E4E6-4D2A-4074-9921-C480CC7F15E4}.Debug|Any CPU.Build.0 = Debug|Any CPU
		{B4F2E4E6-4D2A-4074-9921-C480CC7F15E4}.Release|Any CPU.ActiveCfg = Release|Any CPU
		{B4F2E4E6-4D2A-4074-9921-C480CC7F15E4}.Release|Any CPU.Build.0 = Release|Any CPU
		{37090F1C-6520-4069-97F4-062F5EAAB31F}.Debug|Any CPU.ActiveCfg = Debug|Any CPU
		{37090F1C-6520-4069-97F4-062F5EAAB31F}.Debug|Any CPU.Build.0 = Debug|Any CPU
		{37090F1C-6520-4069-97F4-062F5EAAB31F}.Release|Any CPU.ActiveCfg = Release|Any CPU
		{37090F1C-6520-4069-97F4-062F5EAAB31F}.Release|Any CPU.Build.0 = Release|Any CPU
		{14C5C004-3070-494C-960A-CE5EAED277C7}.Debug|Any CPU.ActiveCfg = Debug|Any CPU
		{14C5C004-3070-494C-960A-CE5EAED277C7}.Debug|Any CPU.Build.0 = Debug|Any CPU
		{14C5C004-3070-494C-960A-CE5EAED277C7}.Release|Any CPU.ActiveCfg = Release|Any CPU
		{14C5C004-3070-494C-960A-CE5EAED277C7}.Release|Any CPU.Build.0 = Release|Any CPU
		{5DE45AD9-E779-40C4-AD38-DBA5569D19DC}.Debug|Any CPU.ActiveCfg = Debug|Any CPU
		{5DE45AD9-E779-40C4-AD38-DBA5569D19DC}.Debug|Any CPU.Build.0 = Debug|Any CPU
		{5DE45AD9-E779-40C4-AD38-DBA5569D19DC}.Release|Any CPU.ActiveCfg = Release|Any CPU
		{5DE45AD9-E779-40C4-AD38-DBA5569D19DC}.Release|Any CPU.Build.0 = Release|Any CPU
		{367A6173-269C-4816-8F8B-EBAD367BFA7E}.Debug|Any CPU.ActiveCfg = Debug|Any CPU
		{367A6173-269C-4816-8F8B-EBAD367BFA7E}.Debug|Any CPU.Build.0 = Debug|Any CPU
		{367A6173-269C-4816-8F8B-EBAD367BFA7E}.Release|Any CPU.ActiveCfg = Release|Any CPU
		{367A6173-269C-4816-8F8B-EBAD367BFA7E}.Release|Any CPU.Build.0 = Release|Any CPU
		{0DA749FE-7473-467B-B690-0DA9C86A5EBB}.Debug|Any CPU.ActiveCfg = Debug|Any CPU
		{0DA749FE-7473-467B-B690-0DA9C86A5EBB}.Debug|Any CPU.Build.0 = Debug|Any CPU
		{0DA749FE-7473-467B-B690-0DA9C86A5EBB}.Release|Any CPU.ActiveCfg = Release|Any CPU
		{0DA749FE-7473-467B-B690-0DA9C86A5EBB}.Release|Any CPU.Build.0 = Release|Any CPU
		{4748AA13-B5A9-4B64-8B4A-21290CB3F664}.Debug|Any CPU.ActiveCfg = Debug|Any CPU
		{4748AA13-B5A9-4B64-8B4A-21290CB3F664}.Debug|Any CPU.Build.0 = Debug|Any CPU
		{4748AA13-B5A9-4B64-8B4A-21290CB3F664}.Release|Any CPU.ActiveCfg = Release|Any CPU
		{4748AA13-B5A9-4B64-8B4A-21290CB3F664}.Release|Any CPU.Build.0 = Release|Any CPU
		{6F33F272-3A0A-40B6-928E-140AE31F8B9C}.Debug|Any CPU.ActiveCfg = Debug|Any CPU
		{6F33F272-3A0A-40B6-928E-140AE31F8B9C}.Debug|Any CPU.Build.0 = Debug|Any CPU
		{6F33F272-3A0A-40B6-928E-140AE31F8B9C}.Release|Any CPU.ActiveCfg = Release|Any CPU
		{6F33F272-3A0A-40B6-928E-140AE31F8B9C}.Release|Any CPU.Build.0 = Release|Any CPU
		{6FDBEE96-70C7-4E2D-8444-72C376E32304}.Debug|Any CPU.ActiveCfg = Debug|Any CPU
		{6FDBEE96-70C7-4E2D-8444-72C376E32304}.Debug|Any CPU.Build.0 = Debug|Any CPU
		{6FDBEE96-70C7-4E2D-8444-72C376E32304}.Release|Any CPU.ActiveCfg = Release|Any CPU
		{6FDBEE96-70C7-4E2D-8444-72C376E32304}.Release|Any CPU.Build.0 = Release|Any CPU
		{E3EF0B37-DDCD-4BB4-8057-D0BAFD978106}.Debug|Any CPU.ActiveCfg = Debug|Any CPU
		{E3EF0B37-DDCD-4BB4-8057-D0BAFD978106}.Debug|Any CPU.Build.0 = Debug|Any CPU
		{E3EF0B37-DDCD-4BB4-8057-D0BAFD978106}.Release|Any CPU.ActiveCfg = Release|Any CPU
		{E3EF0B37-DDCD-4BB4-8057-D0BAFD978106}.Release|Any CPU.Build.0 = Release|Any CPU
		{27AAC7D3-7489-4309-89DA-86F3E1A8174D}.Debug|Any CPU.ActiveCfg = Debug|Any CPU
		{27AAC7D3-7489-4309-89DA-86F3E1A8174D}.Debug|Any CPU.Build.0 = Debug|Any CPU
		{27AAC7D3-7489-4309-89DA-86F3E1A8174D}.Release|Any CPU.ActiveCfg = Release|Any CPU
		{27AAC7D3-7489-4309-89DA-86F3E1A8174D}.Release|Any CPU.Build.0 = Release|Any CPU
		{5B314DF4-66FB-4BDA-B03A-2BEBF3256A28}.Debug|Any CPU.ActiveCfg = Debug|Any CPU
		{5B314DF4-66FB-4BDA-B03A-2BEBF3256A28}.Debug|Any CPU.Build.0 = Debug|Any CPU
		{5B314DF4-66FB-4BDA-B03A-2BEBF3256A28}.Release|Any CPU.ActiveCfg = Release|Any CPU
		{5B314DF4-66FB-4BDA-B03A-2BEBF3256A28}.Release|Any CPU.Build.0 = Release|Any CPU
		{8ED5D47F-E78C-4270-87F5-85ED308564CA}.Debug|Any CPU.ActiveCfg = Debug|Any CPU
		{8ED5D47F-E78C-4270-87F5-85ED308564CA}.Debug|Any CPU.Build.0 = Debug|Any CPU
		{8ED5D47F-E78C-4270-87F5-85ED308564CA}.Release|Any CPU.ActiveCfg = Release|Any CPU
		{8ED5D47F-E78C-4270-87F5-85ED308564CA}.Release|Any CPU.Build.0 = Release|Any CPU
		{41032AF8-9451-46DA-B1F4-25E4BC39A763}.Debug|Any CPU.ActiveCfg = Debug|Any CPU
		{41032AF8-9451-46DA-B1F4-25E4BC39A763}.Debug|Any CPU.Build.0 = Debug|Any CPU
		{41032AF8-9451-46DA-B1F4-25E4BC39A763}.Release|Any CPU.ActiveCfg = Release|Any CPU
		{41032AF8-9451-46DA-B1F4-25E4BC39A763}.Release|Any CPU.Build.0 = Release|Any CPU
		{91ECA8E9-A3B5-43A2-994D-3156F9833F60}.Debug|Any CPU.ActiveCfg = Debug|Any CPU
		{91ECA8E9-A3B5-43A2-994D-3156F9833F60}.Debug|Any CPU.Build.0 = Debug|Any CPU
		{91ECA8E9-A3B5-43A2-994D-3156F9833F60}.Release|Any CPU.ActiveCfg = Release|Any CPU
		{91ECA8E9-A3B5-43A2-994D-3156F9833F60}.Release|Any CPU.Build.0 = Release|Any CPU
		{1BEEE324-4377-4353-9E7C-5E76CA65D284}.Debug|Any CPU.ActiveCfg = Debug|Any CPU
		{1BEEE324-4377-4353-9E7C-5E76CA65D284}.Debug|Any CPU.Build.0 = Debug|Any CPU
		{1BEEE324-4377-4353-9E7C-5E76CA65D284}.Release|Any CPU.ActiveCfg = Release|Any CPU
		{1BEEE324-4377-4353-9E7C-5E76CA65D284}.Release|Any CPU.Build.0 = Release|Any CPU
		{69E8C077-9701-4573-9DD2-50765CA878C0}.Debug|Any CPU.ActiveCfg = Debug|Any CPU
		{69E8C077-9701-4573-9DD2-50765CA878C0}.Debug|Any CPU.Build.0 = Debug|Any CPU
		{69E8C077-9701-4573-9DD2-50765CA878C0}.Release|Any CPU.ActiveCfg = Release|Any CPU
		{69E8C077-9701-4573-9DD2-50765CA878C0}.Release|Any CPU.Build.0 = Release|Any CPU
		{3A10327B-8349-4749-9235-085621FB002B}.Debug|Any CPU.ActiveCfg = Debug|Any CPU
		{3A10327B-8349-4749-9235-085621FB002B}.Debug|Any CPU.Build.0 = Debug|Any CPU
		{3A10327B-8349-4749-9235-085621FB002B}.Release|Any CPU.ActiveCfg = Release|Any CPU
		{3A10327B-8349-4749-9235-085621FB002B}.Release|Any CPU.Build.0 = Release|Any CPU
	EndGlobalSection
	GlobalSection(SolutionProperties) = preSolution
		HideSolutionNode = FALSE
	EndGlobalSection
EndGlobal
